
Microsoft Visual Studio Solution File, Format Version 12.00
# Visual Studio Version 17
VisualStudioVersion = 17.4.33213.308
MinimumVisualStudioVersion = 10.0.40219.1
Project("{FAE04EC0-301F-11D3-BF4B-00C04F79EFBC}") = "LTRProject", "LTRProject\LTRProject.csproj", "{4B3AF5E7-C4FF-41A3-88C7-6E54F6BC22E4}"
EndProject
Project("{FAE04EC0-301F-11D3-BF4B-00C04F79EFBC}") = "LTRPRoject.Tests", "LTRPRoject.Tests\LTRPRoject.Tests.csproj", "{BE359514-A75B-4E51-A3A6-B2CD87384946}"
EndProject
Global
	GlobalSection(SolutionConfigurationPlatforms) = preSolution
		Debug|Any CPU = Debug|Any CPU
		Release|Any CPU = Release|Any CPU
	EndGlobalSection
	GlobalSection(ProjectConfigurationPlatforms) = postSolution
		{4B3AF5E7-C4FF-41A3-88C7-6E54F6BC22E4}.Debug|Any CPU.ActiveCfg = Debug|Any CPU
		{4B3AF5E7-C4FF-41A3-88C7-6E54F6BC22E4}.Debug|Any CPU.Build.0 = Debug|Any CPU
		{4B3AF5E7-C4FF-41A3-88C7-6E54F6BC22E4}.Release|Any CPU.ActiveCfg = Release|Any CPU
		{4B3AF5E7-C4FF-41A3-88C7-6E54F6BC22E4}.Release|Any CPU.Build.0 = Release|Any CPU
		{BE359514-A75B-4E51-A3A6-B2CD87384946}.Debug|Any CPU.ActiveCfg = Debug|Any CPU
		{BE359514-A75B-4E51-A3A6-B2CD87384946}.Debug|Any CPU.Build.0 = Debug|Any CPU
		{BE359514-A75B-4E51-A3A6-B2CD87384946}.Release|Any CPU.ActiveCfg = Release|Any CPU
		{BE359514-A75B-4E51-A3A6-B2CD87384946}.Release|Any CPU.Build.0 = Release|Any CPU
	EndGlobalSection
	GlobalSection(SolutionProperties) = preSolution
		HideSolutionNode = FALSE
	EndGlobalSection
	GlobalSection(ExtensibilityGlobals) = postSolution
		SolutionGuid = {D5850CD8-2E4E-403D-B67D-AE1BC3E7233D}
	EndGlobalSection
EndGlobal
